// !$*UTF8*$!
{
	archiveVersion = 1;
	classes = {
	};
	objectVersion = 55;
	objects = {

/* Begin PBXBuildFile section */
		0409D6FD29B30BE6003B3AAE /* AppDelegate.swift in Sources */ = {isa = PBXBuildFile; fileRef = 0409D6FC29B30BE6003B3AAE /* AppDelegate.swift */; };
		0409D6FF29B30BE6003B3AAE /* SceneDelegate.swift in Sources */ = {isa = PBXBuildFile; fileRef = 0409D6FE29B30BE6003B3AAE /* SceneDelegate.swift */; };
		0409D70129B30BE6003B3AAE /* ViewController.swift in Sources */ = {isa = PBXBuildFile; fileRef = 0409D70029B30BE6003B3AAE /* ViewController.swift */; };
		0409D70429B30BE6003B3AAE /* Main.storyboard in Resources */ = {isa = PBXBuildFile; fileRef = 0409D70229B30BE6003B3AAE /* Main.storyboard */; };
		0409D70629B30BE9003B3AAE /* Assets.xcassets in Resources */ = {isa = PBXBuildFile; fileRef = 0409D70529B30BE9003B3AAE /* Assets.xcassets */; };
		0409D70929B30BE9003B3AAE /* LaunchScreen.storyboard in Resources */ = {isa = PBXBuildFile; fileRef = 0409D70729B30BE9003B3AAE /* LaunchScreen.storyboard */; };
		0409D71229B31533003B3AAE /* UsersCollectionViewCell.swift in Sources */ = {isa = PBXBuildFile; fileRef = 0409D71029B31533003B3AAE /* UsersCollectionViewCell.swift */; };
		0409D71329B31533003B3AAE /* UsersCollectionViewCell.xib in Resources */ = {isa = PBXBuildFile; fileRef = 0409D71129B31533003B3AAE /* UsersCollectionViewCell.xib */; };
		0409D71729B315E2003B3AAE /* Users.swift in Sources */ = {isa = PBXBuildFile; fileRef = 0409D71629B315E2003B3AAE /* Users.swift */; };
		0409D71A29B31620003B3AAE /* PopulationTableViewCell.swift in Sources */ = {isa = PBXBuildFile; fileRef = 0409D71829B31620003B3AAE /* PopulationTableViewCell.swift */; };
		0409D71B29B31620003B3AAE /* PopulationTableViewCell.xib in Resources */ = {isa = PBXBuildFile; fileRef = 0409D71929B31620003B3AAE /* PopulationTableViewCell.xib */; };
		0409D71D29B3171D003B3AAE /* Population.swift in Sources */ = {isa = PBXBuildFile; fileRef = 0409D71C29B3171D003B3AAE /* Population.swift */; };
		0E2FBF9612245135D23CBB01 /* Pods_Machine_Test.framework in Frameworks */ = {isa = PBXBuildFile; fileRef = AE878BACD021E696F491C6B8 /* Pods_Machine_Test.framework */; };
/* End PBXBuildFile section */

/* Begin PBXFileReference section */
		0409D6F929B30BE6003B3AAE /* Machine_Test.app */ = {isa = PBXFileReference; explicitFileType = wrapper.application; includeInIndex = 0; path = Machine_Test.app; sourceTree = BUILT_PRODUCTS_DIR; };
		0409D6FC29B30BE6003B3AAE /* AppDelegate.swift */ = {isa = PBXFileReference; lastKnownFileType = sourcecode.swift; path = AppDelegate.swift; sourceTree = "<group>"; };
		0409D6FE29B30BE6003B3AAE /* SceneDelegate.swift */ = {isa = PBXFileReference; lastKnownFileType = sourcecode.swift; path = SceneDelegate.swift; sourceTree = "<group>"; };
		0409D70029B30BE6003B3AAE /* ViewController.swift */ = {isa = PBXFileReference; lastKnownFileType = sourcecode.swift; path = ViewController.swift; sourceTree = "<group>"; };
		0409D70329B30BE6003B3AAE /* Base */ = {isa = PBXFileReference; lastKnownFileType = file.storyboard; name = Base; path = Base.lproj/Main.storyboard; sourceTree = "<group>"; };
		0409D70529B30BE9003B3AAE /* Assets.xcassets */ = {isa = PBXFileReference; lastKnownFileType = folder.assetcatalog; path = Assets.xcassets; sourceTree = "<group>"; };
		0409D70829B30BE9003B3AAE /* Base */ = {isa = PBXFileReference; lastKnownFileType = file.storyboard; name = Base; path = Base.lproj/LaunchScreen.storyboard; sourceTree = "<group>"; };
		0409D70A29B30BE9003B3AAE /* Info.plist */ = {isa = PBXFileReference; lastKnownFileType = text.plist.xml; path = Info.plist; sourceTree = "<group>"; };
		0409D71029B31533003B3AAE /* UsersCollectionViewCell.swift */ = {isa = PBXFileReference; lastKnownFileType = sourcecode.swift; path = UsersCollectionViewCell.swift; sourceTree = "<group>"; };
		0409D71129B31533003B3AAE /* UsersCollectionViewCell.xib */ = {isa = PBXFileReference; lastKnownFileType = file.xib; path = UsersCollectionViewCell.xib; sourceTree = "<group>"; };
		0409D71629B315E2003B3AAE /* Users.swift */ = {isa = PBXFileReference; lastKnownFileType = sourcecode.swift; path = Users.swift; sourceTree = "<group>"; };
		0409D71829B31620003B3AAE /* PopulationTableViewCell.swift */ = {isa = PBXFileReference; lastKnownFileType = sourcecode.swift; path = PopulationTableViewCell.swift; sourceTree = "<group>"; };
		0409D71929B31620003B3AAE /* PopulationTableViewCell.xib */ = {isa = PBXFileReference; lastKnownFileType = file.xib; path = PopulationTableViewCell.xib; sourceTree = "<group>"; };
		0409D71C29B3171D003B3AAE /* Population.swift */ = {isa = PBXFileReference; lastKnownFileType = sourcecode.swift; path = Population.swift; sourceTree = "<group>"; };
		81E7BBD7483D2FF4AC945028 /* Pods-Machine_Test.debug.xcconfig */ = {isa = PBXFileReference; includeInIndex = 1; lastKnownFileType = text.xcconfig; name = "Pods-Machine_Test.debug.xcconfig"; path = "Target Support Files/Pods-Machine_Test/Pods-Machine_Test.debug.xcconfig"; sourceTree = "<group>"; };
		91115CAFBFF5CFDB23678734 /* Pods-Machine_Test.release.xcconfig */ = {isa = PBXFileReference; includeInIndex = 1; lastKnownFileType = text.xcconfig; name = "Pods-Machine_Test.release.xcconfig"; path = "Target Support Files/Pods-Machine_Test/Pods-Machine_Test.release.xcconfig"; sourceTree = "<group>"; };
		AE878BACD021E696F491C6B8 /* Pods_Machine_Test.framework */ = {isa = PBXFileReference; explicitFileType = wrapper.framework; includeInIndex = 0; path = Pods_Machine_Test.framework; sourceTree = BUILT_PRODUCTS_DIR; };
/* End PBXFileReference section */

/* Begin PBXFrameworksBuildPhase section */
		0409D6F629B30BE6003B3AAE /* Frameworks */ = {
			isa = PBXFrameworksBuildPhase;
			buildActionMask = 2147483647;
			files = (
				0E2FBF9612245135D23CBB01 /* Pods_Machine_Test.framework in Frameworks */,
			);
			runOnlyForDeploymentPostprocessing = 0;
		};
/* End PBXFrameworksBuildPhase section */

/* Begin PBXGroup section */
		0409D6F029B30BE5003B3AAE = {
			isa = PBXGroup;
			children = (
				0409D6FB29B30BE6003B3AAE /* Machine_Test */,
				0409D6FA29B30BE6003B3AAE /* Products */,
				783180C149E55E694A2AB415 /* Pods */,
				58107460390CDBEE079C69F6 /* Frameworks */,
			);
			sourceTree = "<group>";
		};
		0409D6FA29B30BE6003B3AAE /* Products */ = {
			isa = PBXGroup;
			children = (
				0409D6F929B30BE6003B3AAE /* Machine_Test.app */,
			);
			name = Products;
			sourceTree = "<group>";
		};
		0409D6FB29B30BE6003B3AAE /* Machine_Test */ = {
			isa = PBXGroup;
			children = (
				0409D6FC29B30BE6003B3AAE /* AppDelegate.swift */,
				0409D6FE29B30BE6003B3AAE /* SceneDelegate.swift */,
				0409D70029B30BE6003B3AAE /* ViewController.swift */,
				0409D70229B30BE6003B3AAE /* Main.storyboard */,
				0409D70529B30BE9003B3AAE /* Assets.xcassets */,
				0409D70729B30BE9003B3AAE /* LaunchScreen.storyboard */,
				0409D70A29B30BE9003B3AAE /* Info.plist */,
				0409D71029B31533003B3AAE /* UsersCollectionViewCell.swift */,
				0409D71129B31533003B3AAE /* UsersCollectionViewCell.xib */,
				0409D71629B315E2003B3AAE /* Users.swift */,
				0409D71829B31620003B3AAE /* PopulationTableViewCell.swift */,
				0409D71929B31620003B3AAE /* PopulationTableViewCell.xib */,
				0409D71C29B3171D003B3AAE /* Population.swift */,
			);
			path = Machine_Test;
			sourceTree = "<group>";
		};
		58107460390CDBEE079C69F6 /* Frameworks */ = {
			isa = PBXGroup;
			children = (
				AE878BACD021E696F491C6B8 /* Pods_Machine_Test.framework */,
			);
			name = Frameworks;
			sourceTree = "<group>";
		};
		783180C149E55E694A2AB415 /* Pods */ = {
			isa = PBXGroup;
			children = (
				81E7BBD7483D2FF4AC945028 /* Pods-Machine_Test.debug.xcconfig */,
				91115CAFBFF5CFDB23678734 /* Pods-Machine_Test.release.xcconfig */,
			);
			path = Pods;
			sourceTree = "<group>";
		};
/* End PBXGroup section */

/* Begin PBXNativeTarget section */
		0409D6F829B30BE6003B3AAE /* Machine_Test */ = {
			isa = PBXNativeTarget;
			buildConfigurationList = 0409D70D29B30BE9003B3AAE /* Build configuration list for PBXNativeTarget "Machine_Test" */;
			buildPhases = (
				7BC9F8CAEB7ED5170433379A /* [CP] Check Pods Manifest.lock */,
				0409D6F529B30BE6003B3AAE /* Sources */,
				0409D6F629B30BE6003B3AAE /* Frameworks */,
				0409D6F729B30BE6003B3AAE /* Resources */,
				87CEB4681CB61DA753AEFBEE /* [CP] Copy Pods Resources */,
			);
			buildRules = (
			);
			dependencies = (
			);
			name = Machine_Test;
			productName = Machine_Test;
			productReference = 0409D6F929B30BE6003B3AAE /* Machine_Test.app */;
			productType = "com.apple.product-type.application";
		};
/* End PBXNativeTarget section */

/* Begin PBXProject section */
		0409D6F129B30BE5003B3AAE /* Project object */ = {
			isa = PBXProject;
			attributes = {
				BuildIndependentTargetsInParallel = 1;
				LastSwiftUpdateCheck = 1340;
				LastUpgradeCheck = 1340;
				TargetAttributes = {
					0409D6F829B30BE6003B3AAE = {
						CreatedOnToolsVersion = 13.4.1;
					};
				};
			};
			buildConfigurationList = 0409D6F429B30BE5003B3AAE /* Build configuration list for PBXProject "Machine_Test" */;
			compatibilityVersion = "Xcode 13.0";
			developmentRegion = en;
			hasScannedForEncodings = 0;
			knownRegions = (
				en,
				Base,
			);
			mainGroup = 0409D6F029B30BE5003B3AAE;
			productRefGroup = 0409D6FA29B30BE6003B3AAE /* Products */;
			projectDirPath = "";
			projectRoot = "";
			targets = (
				0409D6F829B30BE6003B3AAE /* Machine_Test */,
			);
		};
/* End PBXProject section */

/* Begin PBXResourcesBuildPhase section */
		0409D6F729B30BE6003B3AAE /* Resources */ = {
			isa = PBXResourcesBuildPhase;
			buildActionMask = 2147483647;
			files = (
				0409D70929B30BE9003B3AAE /* LaunchScreen.storyboard in Resources */,
				0409D71329B31533003B3AAE /* UsersCollectionViewCell.xib in Resources */,
				0409D70629B30BE9003B3AAE /* Assets.xcassets in Resources */,
				0409D70429B30BE6003B3AAE /* Main.storyboard in Resources */,
				0409D71B29B31620003B3AAE /* PopulationTableViewCell.xib in Resources */,
			);
			runOnlyForDeploymentPostprocessing = 0;
		};
/* End PBXResourcesBuildPhase section */

/* Begin PBXShellScriptBuildPhase section */
		7BC9F8CAEB7ED5170433379A /* [CP] Check Pods Manifest.lock */ = {
			isa = PBXShellScriptBuildPhase;
			buildActionMask = 2147483647;
			files = (
			);
			inputFileListPaths = (
			);
			inputPaths = (
				"${PODS_PODFILE_DIR_PATH}/Podfile.lock",
				"${PODS_ROOT}/Manifest.lock",
			);
			name = "[CP] Check Pods Manifest.lock";
			outputFileListPaths = (
			);
			outputPaths = (
				"$(DERIVED_FILE_DIR)/Pods-Machine_Test-checkManifestLockResult.txt",
			);
			runOnlyForDeploymentPostprocessing = 0;
			shellPath = /bin/sh;
			shellScript = "diff \"${PODS_PODFILE_DIR_PATH}/Podfile.lock\" \"${PODS_ROOT}/Manifest.lock\" > /dev/null\nif [ $? != 0 ] ; then\n    # print error to STDERR\n    echo \"error: The sandbox is not in sync with the Podfile.lock. Run 'pod install' or update your CocoaPods installation.\" >&2\n    exit 1\nfi\n# This output is used by Xcode 'outputs' to avoid re-running this script phase.\necho \"SUCCESS\" > \"${SCRIPT_OUTPUT_FILE_0}\"\n";
			showEnvVarsInLog = 0;
		};
		87CEB4681CB61DA753AEFBEE /* [CP] Copy Pods Resources */ = {
			isa = PBXShellScriptBuildPhase;
			buildActionMask = 2147483647;
			files = (
			);
			inputFileListPaths = (
				"${PODS_ROOT}/Target Support Files/Pods-Machine_Test/Pods-Machine_Test-resources-${CONFIGURATION}-input-files.xcfilelist",
			);
			name = "[CP] Copy Pods Resources";
			outputFileListPaths = (
				"${PODS_ROOT}/Target Support Files/Pods-Machine_Test/Pods-Machine_Test-resources-${CONFIGURATION}-output-files.xcfilelist",
			);
			runOnlyForDeploymentPostprocessing = 0;
			shellPath = /bin/sh;
			shellScript = "\"${PODS_ROOT}/Target Support Files/Pods-Machine_Test/Pods-Machine_Test-resources.sh\"\n";
			showEnvVarsInLog = 0;
		};
/* End PBXShellScriptBuildPhase section */

/* Begin PBXSourcesBuildPhase section */
		0409D6F529B30BE6003B3AAE /* Sources */ = {
			isa = PBXSourcesBuildPhase;
			buildActionMask = 2147483647;
			files = (
				0409D71A29B31620003B3AAE /* PopulationTableViewCell.swift in Sources */,
				0409D70129B30BE6003B3AAE /* ViewController.swift in Sources */,
				0409D71229B31533003B3AAE /* UsersCollectionViewCell.swift in Sources */,
				0409D71D29B3171D003B3AAE /* Population.swift in Sources */,
				0409D71729B315E2003B3AAE /* Users.swift in Sources */,
				0409D6FD29B30BE6003B3AAE /* AppDelegate.swift in Sources */,
				0409D6FF29B30BE6003B3AAE /* SceneDelegate.swift in Sources */,
			);
			runOnlyForDeploymentPostprocessing = 0;
		};
/* End PBXSourcesBuildPhase section */

/* Begin PBXVariantGroup section */
		0409D70229B30BE6003B3AAE /* Main.storyboard */ = {
			isa = PBXVariantGroup;
			children = (
				0409D70329B30BE6003B3AAE /* Base */,
			);
			name = Main.storyboard;
			sourceTree = "<group>";
		};
		0409D70729B30BE9003B3AAE /* LaunchScreen.storyboard */ = {
			isa = PBXVariantGroup;
			children = (
				0409D70829B30BE9003B3AAE /* Base */,
			);
			name = LaunchScreen.storyboard;
			sourceTree = "<group>";
		};
/* End PBXVariantGroup section */

/* Begin XCBuildConfiguration section */
		0409D70B29B30BE9003B3AAE /* Debug */ = {
			isa = XCBuildConfiguration;
			buildSettings = {
				ALWAYS_SEARCH_USER_PATHS = NO;
				CLANG_ANALYZER_NONNULL = YES;
				CLANG_ANALYZER_NUMBER_OBJECT_CONVERSION = YES_AGGRESSIVE;
				CLANG_CXX_LANGUAGE_STANDARD = "gnu++17";
				CLANG_ENABLE_MODULES = YES;
				CLANG_ENABLE_OBJC_ARC = YES;
				CLANG_ENABLE_OBJC_WEAK = YES;
				CLANG_WARN_BLOCK_CAPTURE_AUTORELEASING = YES;
				CLANG_WARN_BOOL_CONVERSION = YES;
				CLANG_WARN_COMMA = YES;
				CLANG_WARN_CONSTANT_CONVERSION = YES;
				CLANG_WARN_DEPRECATED_OBJC_IMPLEMENTATIONS = YES;
				CLANG_WARN_DIRECT_OBJC_ISA_USAGE = YES_ERROR;
				CLANG_WARN_DOCUMENTATION_COMMENTS = YES;
				CLANG_WARN_EMPTY_BODY = YES;
				CLANG_WARN_ENUM_CONVERSION = YES;
				CLANG_WARN_INFINITE_RECURSION = YES;
				CLANG_WARN_INT_CONVERSION = YES;
				CLANG_WARN_NON_LITERAL_NULL_CONVERSION = YES;
				CLANG_WARN_OBJC_IMPLICIT_RETAIN_SELF = YES;
				CLANG_WARN_OBJC_LITERAL_CONVERSION = YES;
				CLANG_WARN_OBJC_ROOT_CLASS = YES_ERROR;
				CLANG_WARN_QUOTED_INCLUDE_IN_FRAMEWORK_HEADER = YES;
				CLANG_WARN_RANGE_LOOP_ANALYSIS = YES;
				CLANG_WARN_STRICT_PROTOTYPES = YES;
				CLANG_WARN_SUSPICIOUS_MOVE = YES;
				CLANG_WARN_UNGUARDED_AVAILABILITY = YES_AGGRESSIVE;
				CLANG_WARN_UNREACHABLE_CODE = YES;
				CLANG_WARN__DUPLICATE_METHOD_MATCH = YES;
				COPY_PHASE_STRIP = NO;
				DEBUG_INFORMATION_FORMAT = dwarf;
				ENABLE_STRICT_OBJC_MSGSEND = YES;
				ENABLE_TESTABILITY = YES;
				GCC_C_LANGUAGE_STANDARD = gnu11;
				GCC_DYNAMIC_NO_PIC = NO;
				GCC_NO_COMMON_BLOCKS = YES;
				GCC_OPTIMIZATION_LEVEL = 0;
				GCC_PREPROCESSOR_DEFINITIONS = (
					"DEBUG=1",
					"$(inherited)",
				);
				GCC_WARN_64_TO_32_BIT_CONVERSION = YES;
				GCC_WARN_ABOUT_RETURN_TYPE = YES_ERROR;
				GCC_WARN_UNDECLARED_SELECTOR = YES;
				GCC_WARN_UNINITIALIZED_AUTOS = YES_AGGRESSIVE;
				GCC_WARN_UNUSED_FUNCTION = YES;
				GCC_WARN_UNUSED_VARIABLE = YES;
				IPHONEOS_DEPLOYMENT_TARGET = 15.5;
				MTL_ENABLE_DEBUG_INFO = INCLUDE_SOURCE;
				MTL_FAST_MATH = YES;
				ONLY_ACTIVE_ARCH = YES;
				SDKROOT = iphoneos;
				SWIFT_ACTIVE_COMPILATION_CONDITIONS = DEBUG;
				SWIFT_OPTIMIZATION_LEVEL = "-Onone";
			};
			name = Debug;
		};
		0409D70C29B30BE9003B3AAE /* Release */ = {
			isa = XCBuildConfiguration;
			buildSettings = {
				ALWAYS_SEARCH_USER_PATHS = NO;
				CLANG_ANALYZER_NONNULL = YES;
				CLANG_ANALYZER_NUMBER_OBJECT_CONVERSION = YES_AGGRESSIVE;
				CLANG_CXX_LANGUAGE_STANDARD = "gnu++17";
				CLANG_ENABLE_MODULES = YES;
				CLANG_ENABLE_OBJC_ARC = YES;
				CLANG_ENABLE_OBJC_WEAK = YES;
				CLANG_WARN_BLOCK_CAPTURE_AUTORELEASING = YES;
				CLANG_WARN_BOOL_CONVERSION = YES;
				CLANG_WARN_COMMA = YES;
				CLANG_WARN_CONSTANT_CONVERSION = YES;
				CLANG_WARN_DEPRECATED_OBJC_IMPLEMENTATIONS = YES;
				CLANG_WARN_DIRECT_OBJC_ISA_USAGE = YES_ERROR;
				CLANG_WARN_DOCUMENTATION_COMMENTS = YES;
				CLANG_WARN_EMPTY_BODY = YES;
				CLANG_WARN_ENUM_CONVERSION = YES;
				CLANG_WARN_INFINITE_RECURSION = YES;
				CLANG_WARN_INT_CONVERSION = YES;
				CLANG_WARN_NON_LITERAL_NULL_CONVERSION = YES;
				CLANG_WARN_OBJC_IMPLICIT_RETAIN_SELF = YES;
				CLANG_WARN_OBJC_LITERAL_CONVERSION = YES;
				CLANG_WARN_OBJC_ROOT_CLASS = YES_ERROR;
				CLANG_WARN_QUOTED_INCLUDE_IN_FRAMEWORK_HEADER = YES;
				CLANG_WARN_RANGE_LOOP_ANALYSIS = YES;
				CLANG_WARN_STRICT_PROTOTYPES = YES;
				CLANG_WARN_SUSPICIOUS_MOVE = YES;
				CLANG_WARN_UNGUARDED_AVAILABILITY = YES_AGGRESSIVE;
				CLANG_WARN_UNREACHABLE_CODE = YES;
				CLANG_WARN__DUPLICATE_METHOD_MATCH = YES;
				COPY_PHASE_STRIP = NO;
				DEBUG_INFORMATION_FORMAT = "dwarf-with-dsym";
				ENABLE_NS_ASSERTIONS = NO;
				ENABLE_STRICT_OBJC_MSGSEND = YES;
				GCC_C_LANGUAGE_STANDARD = gnu11;
				GCC_NO_COMMON_BLOCKS = YES;
				GCC_WARN_64_TO_32_BIT_CONVERSION = YES;
				GCC_WARN_ABOUT_RETURN_TYPE = YES_ERROR;
				GCC_WARN_UNDECLARED_SELECTOR = YES;
				GCC_WARN_UNINITIALIZED_AUTOS = YES_AGGRESSIVE;
				GCC_WARN_UNUSED_FUNCTION = YES;
				GCC_WARN_UNUSED_VARIABLE = YES;
				IPHONEOS_DEPLOYMENT_TARGET = 15.5;
				MTL_ENABLE_DEBUG_INFO = NO;
				MTL_FAST_MATH = YES;
				SDKROOT = iphoneos;
				SWIFT_COMPILATION_MODE = wholemodule;
				SWIFT_OPTIMIZATION_LEVEL = "-O";
				VALIDATE_PRODUCT = YES;
			};
			name = Release;
		};
		0409D70E29B30BE9003B3AAE /* Debug */ = {
			isa = XCBuildConfiguration;
			baseConfigurationReference = 81E7BBD7483D2FF4AC945028 /* Pods-Machine_Test.debug.xcconfig */;
			buildSettings = {
				ASSETCATALOG_COMPILER_APPICON_NAME = AppIcon;
				ASSETCATALOG_COMPILER_GLOBAL_ACCENT_COLOR_NAME = AccentColor;
				CODE_SIGN_STYLE = Automatic;
				CURRENT_PROJECT_VERSION = 1;
				GENERATE_INFOPLIST_FILE = YES;
				INFOPLIST_FILE = Machine_Test/Info.plist;
				INFOPLIST_KEY_UIApplicationSupportsIndirectInputEvents = YES;
				INFOPLIST_KEY_UILaunchStoryboardName = LaunchScreen;
				INFOPLIST_KEY_UIMainStoryboardFile = Main;
				INFOPLIST_KEY_UISupportedInterfaceOrientations_iPad = "UIInterfaceOrientationPortrait UIInterfaceOrientationPortraitUpsideDown UIInterfaceOrientationLandscapeLeft UIInterfaceOrientationLandscapeRight";
				INFOPLIST_KEY_UISupportedInterfaceOrientations_iPhone = "UIInterfaceOrientationPortrait UIInterfaceOrientationLandscapeLeft UIInterfaceOrientationLandscapeRight";
				LD_RUNPATH_SEARCH_PATHS = (
					"$(inherited)",
					"@executable_path/Frameworks",
				);
				MARKETING_VERSION = 1.0;
				PRODUCT_BUNDLE_IDENTIFIER = "shubham.Machine-Test";
				PRODUCT_NAME = "$(TARGET_NAME)";
				SWIFT_EMIT_LOC_STRINGS = YES;
				SWIFT_VERSION = 5.0;
				TARGETED_DEVICE_FAMILY = "1,2";
			};
			name = Debug;
		};
		0409D70F29B30BE9003B3AAE /* Release */ = {
			isa = XCBuildConfiguration;
			baseConfigurationReference = 91115CAFBFF5CFDB23678734 /* Pods-Machine_Test.release.xcconfig */;
			buildSettings = {
				ASSETCATALOG_COMPILER_APPICON_NAME = AppIcon;
				ASSETCATALOG_COMPILER_GLOBAL_ACCENT_COLOR_NAME = AccentColor;
				CODE_SIGN_STYLE = Automatic;
				CURRENT_PROJECT_VERSION = 1;
				GENERATE_INFOPLIST_FILE = YES;
				INFOPLIST_FILE = Machine_Test/Info.plist;
				INFOPLIST_KEY_UIApplicationSupportsIndirectInputEvents = YES;
				INFOPLIST_KEY_UILaunchStoryboardName = LaunchScreen;
				INFOPLIST_KEY_UIMainStoryboardFile = Main;
				INFOPLIST_KEY_UISupportedInterfaceOrientations_iPad = "UIInterfaceOrientationPortrait UIInterfaceOrientationPortraitUpsideDown UIInterfaceOrientationLandscapeLeft UIInterfaceOrientationLandscapeRight";
				INFOPLIST_KEY_UISupportedInterfaceOrientations_iPhone = "UIInterfaceOrientationPortrait UIInterfaceOrientationLandscapeLeft UIInterfaceOrientationLandscapeRight";
				LD_RUNPATH_SEARCH_PATHS = (
					"$(inherited)",
					"@executable_path/Frameworks",
				);
				MARKETING_VERSION = 1.0;
				PRODUCT_BUNDLE_IDENTIFIER = "shubham.Machine-Test";
				PRODUCT_NAME = "$(TARGET_NAME)";
				SWIFT_EMIT_LOC_STRINGS = YES;
				SWIFT_VERSION = 5.0;
				TARGETED_DEVICE_FAMILY = "1,2";
			};
			name = Release;
		};
/* End XCBuildConfiguration section */

/* Begin XCConfigurationList section */
		0409D6F429B30BE5003B3AAE /* Build configuration list for PBXProject "Machine_Test" */ = {
			isa = XCConfigurationList;
			buildConfigurations = (
				0409D70B29B30BE9003B3AAE /* Debug */,
				0409D70C29B30BE9003B3AAE /* Release */,
			);
			defaultConfigurationIsVisible = 0;
			defaultConfigurationName = Release;
		};
		0409D70D29B30BE9003B3AAE /* Build configuration list for PBXNativeTarget "Machine_Test" */ = {
			isa = XCConfigurationList;
			buildConfigurations = (
				0409D70E29B30BE9003B3AAE /* Debug */,
				0409D70F29B30BE9003B3AAE /* Release */,
			);
			defaultConfigurationIsVisible = 0;
			defaultConfigurationName = Release;
		};
/* End XCConfigurationList section */
	};
	rootObject = 0409D6F129B30BE5003B3AAE /* Project object */;
}
